
Microsoft Visual Studio Solution File, Format Version 12.00
# Visual Studio Version 17
VisualStudioVersion = 17.11.35312.102
MinimumVisualStudioVersion = 10.0.40219.1
Project("{8BC9CEB8-8B4A-11D0-8D11-00A0C91BC942}") = "P05", "P05\P05.vcxproj", "{3FF60532-EAC1-449D-B767-22C35B7B37A8}"
EndProject
Global
	GlobalSection(SolutionConfigurationPlatforms) = preSolution
		Debug|x64 = Debug|x64
		Debug|x86 = Debug|x86
		Release|x64 = Release|x64
		Release|x86 = Release|x86
	EndGlobalSection
	GlobalSection(ProjectConfigurationPlatforms) = postSolution
		{3FF60532-EAC1-449D-B767-22C35B7B37A8}.Debug|x64.ActiveCfg = Debug|x64
		{3FF60532-EAC1-449D-B767-22C35B7B37A8}.Debug|x64.Build.0 = Debug|x64
		{3FF60532-EAC1-449D-B767-22C35B7B37A8}.Debug|x86.ActiveCfg = Debug|Win32
		{3FF60532-EAC1-449D-B767-22C35B7B37A8}.Debug|x86.Build.0 = Debug|Win32
		{3FF60532-EAC1-449D-B767-22C35B7B37A8}.Release|x64.ActiveCfg = Release|x64
		{3FF60532-EAC1-449D-B767-22C35B7B37A8}.Release|x64.Build.0 = Release|x64
		{3FF60532-EAC1-449D-B767-22C35B7B37A8}.Release|x86.ActiveCfg = Release|Win32
		{3FF60532-EAC1-449D-B767-22C35B7B37A8}.Release|x86.Build.0 = Release|Win32
	EndGlobalSection
	GlobalSection(SolutionProperties) = preSolution
		HideSolutionNode = FALSE
	EndGlobalSection
	GlobalSection(ExtensibilityGlobals) = postSolution
		SolutionGuid = {326FE26F-0A2B-4C58-B892-76A84366E5D2}
	EndGlobalSection
EndGlobal
